
Microsoft Visual Studio Solution File, Format Version 12.00
# Visual Studio Version 17
VisualStudioVersion = 17.4.33213.308
MinimumVisualStudioVersion = 10.0.40219.1
Project("{FAE04EC0-301F-11D3-BF4B-00C04F79EFBC}") = "Snake", "Snake.csproj", "{CFEC14BC-6550-4E80-80F7-D25F4C06086C}"
EndProject
Global
	GlobalSection(SolutionConfigurationPlatforms) = preSolution
		Debug|Any CPU = Debug|Any CPU
		Release|Any CPU = Release|Any CPU
	EndGlobalSection
	GlobalSection(ProjectConfigurationPlatforms) = postSolution
		{CFEC14BC-6550-4E80-80F7-D25F4C06086C}.Debug|Any CPU.ActiveCfg = Debug|Any CPU
		{CFEC14BC-6550-4E80-80F7-D25F4C06086C}.Debug|Any CPU.Build.0 = Debug|Any CPU
		{CFEC14BC-6550-4E80-80F7-D25F4C06086C}.Release|Any CPU.ActiveCfg = Release|Any CPU
		{CFEC14BC-6550-4E80-80F7-D25F4C06086C}.Release|Any CPU.Build.0 = Release|Any CPU
	EndGlobalSection
	GlobalSection(SolutionProperties) = preSolution
		HideSolutionNode = FALSE
	EndGlobalSection
	GlobalSection(ExtensibilityGlobals) = postSolution
		SolutionGuid = {2F0CABDB-0017-4F5D-99D1-76A7B94B7A47}
	EndGlobalSection
EndGlobal
